
Microsoft Visual Studio Solution File, Format Version 12.00
# Visual Studio Version 17
VisualStudioVersion = 17.1.32210.238
MinimumVisualStudioVersion = 10.0.40219.1
Project("{FAE04EC0-301F-11D3-BF4B-00C04F79EFBC}") = "OOD", "OOD\OOD.csproj", "{AA35624E-D38D-464B-9C6F-C04E7547B477}"
EndProject
Global
	GlobalSection(SolutionConfigurationPlatforms) = preSolution
		Debug|Any CPU = Debug|Any CPU
		Release|Any CPU = Release|Any CPU
	EndGlobalSection
	GlobalSection(ProjectConfigurationPlatforms) = postSolution
		{AA35624E-D38D-464B-9C6F-C04E7547B477}.Debug|Any CPU.ActiveCfg = Debug|Any CPU
		{AA35624E-D38D-464B-9C6F-C04E7547B477}.Debug|Any CPU.Build.0 = Debug|Any CPU
		{AA35624E-D38D-464B-9C6F-C04E7547B477}.Release|Any CPU.ActiveCfg = Release|Any CPU
		{AA35624E-D38D-464B-9C6F-C04E7547B477}.Release|Any CPU.Build.0 = Release|Any CPU
	EndGlobalSection
	GlobalSection(SolutionProperties) = preSolution
		HideSolutionNode = FALSE
	EndGlobalSection
	GlobalSection(ExtensibilityGlobals) = postSolution
		SolutionGuid = {BC749F99-75CB-4898-A65A-83DBF0C4756F}
	EndGlobalSection
EndGlobal
